<?xml version="1.0" encoding="utf-8"?>
<Project ToolsVersion="4.0" xmlns="http://schemas.microsoft.com/developer/msbuild/2003">
  <ItemGroup>
    <Filter Include="Source Files">
      <UniqueIdentifier>{4FC737F1-C7A5-4376-A066-2A32D752A2FF}</UniqueIdentifier>
      <Extensions>cpp;c;cc;cxx;def;odl;idl;hpj;bat;asm;asmx</Extensions>
    </Filter>
    <Filter Include="Header Files">
      <UniqueIdentifier>{93995380-89BD-4b04-88EB-625FBE52EBFB}</UniqueIdentifier>
      <Extensions>h;hpp;hxx;hm;inl;inc;xsd</Extensions>
    </Filter>
    <Filter Include="Resource Files">
      <UniqueIdentifier>{67DA6AB6-F800-4c08-8B7A-83BB121AAD01}</UniqueIdentifier>
      <Extensions>rc;ico;cur;bmp;dlg;rc2;rct;bin;rgs;gif;jpg;jpeg;jpe;resx;tiff;tif;png;wav;mfcribbon-ms</Extensions>
    </Filter>
  </ItemGroup>
  <ItemGroup>
    <ClInclude Include="voronoiShatterFty.h">
      <Filter>Header Files</Filter>
    </ClInclude>
    <ClInclude Include="voronoiShatterNode.h">
      <Filter>Header Files</Filter>
    </ClInclude>
    <ClInclude Include="voronoiShatterCmd.h">
      <Filter>Header Files</Filter>
    </ClInclude>
    <ClInclude Include="voronoiShatter.h">
      <Filter>Header Files</Filter>
    </ClInclude>
    <ClInclude Include="polyModifierCmd.h">
      <Filter>Header Files</Filter>
    </ClInclude>
    <ClInclude Include="polyModifierFty.h">
      <Filter>Header Files</Filter>
    </ClInclude>
    <ClInclude Include="polyModifierNode.h">
      <Filter>Header Files</Filter>
    </ClInclude>
    <ClInclude Include="Globals.h">
      <Filter>Header Files</Filter>
    </ClInclude>
  </ItemGroup>
  <ItemGroup>
    <ClCompile Include="voronoiShatterFty.cpp">
      <Filter>Source Files</Filter>
    </ClCompile>
    <ClCompile Include="voronoiShatterNode.cpp">
      <Filter>Source Files</Filter>
    </ClCompile>
    <ClCompile Include="voronoiShatterCmd.cpp">
      <Filter>Source Files</Filter>
    </ClCompile>
    <ClCompile Include="voronoiShatterFtyAction.cpp">
      <Filter>Source Files</Filter>
    </ClCompile>
    <ClCompile Include="voronoiShatterMain.cpp">
      <Filter>Source Files</Filter>
    </ClCompile>
    <ClCompile Include="voronoiShatter.cpp">
      <Filter>Source Files</Filter>
    </ClCompile>
    <ClCompile Include="polyModifierCmd.cpp">
      <Filter>Source Files</Filter>
    </ClCompile>
    <ClCompile Include="polyModifierFty.cpp">
      <Filter>Source Files</Filter>
    </ClCompile>
    <ClCompile Include="polyModifierNode.cpp">
      <Filter>Source Files</Filter>
    </ClCompile>
    <ClCompile Include="vsOrient.cpp">
      <Filter>Source Files</Filter>
    </ClCompile>
    <ClCompile Include="vsInitializeBigTetra.cpp">
      <Filter>Source Files</Filter>
    </ClCompile>
    <ClCompile Include="vsInSphere.cpp">
      <Filter>Source Files</Filter>
    </ClCompile>
    <ClCompile Include="vsFindPoint.cpp">
      <Filter>Source Files</Filter>
    </ClCompile>
    <ClCompile Include="vsInsertOnePoint.cpp">
      <Filter>Source Files</Filter>
    </ClCompile>
    <ClCompile Include="vsFlip.cpp">
      <Filter>Source Files</Filter>
    </ClCompile>
    <ClCompile Include="vsGetVDfromDT.cpp">
      <Filter>Source Files</Filter>
    </ClCompile>
    <ClCompile Include="vsPerform.cpp">
      <Filter>Source Files</Filter>
    </ClCompile>
    <ClCompile Include="vsGeneratePoints.cpp">
      <Filter>Source Files</Filter>
    </ClCompile>
  </ItemGroup>
</Project>